
Microsoft Visual Studio Solution File, Format Version 12.00
# Visual Studio Version 17
VisualStudioVersion = 17.14.36511.14 d17.14
MinimumVisualStudioVersion = 10.0.40219.1
Project("{FAE04EC0-301F-11D3-BF4B-00C04F79EFBC}") = "NYTBookServerAsync", "NYTBookServerAsync.csproj", "{A781B212-A0BA-4A03-AFF6-BACD63057E6F}"
EndProject
Global
	GlobalSection(SolutionConfigurationPlatforms) = preSolution
		Debug|Any CPU = Debug|Any CPU
		Release|Any CPU = Release|Any CPU
	EndGlobalSection
	GlobalSection(ProjectConfigurationPlatforms) = postSolution
		{A781B212-A0BA-4A03-AFF6-BACD63057E6F}.Debug|Any CPU.ActiveCfg = Debug|Any CPU
		{A781B212-A0BA-4A03-AFF6-BACD63057E6F}.Debug|Any CPU.Build.0 = Debug|Any CPU
		{A781B212-A0BA-4A03-AFF6-BACD63057E6F}.Release|Any CPU.ActiveCfg = Release|Any CPU
		{A781B212-A0BA-4A03-AFF6-BACD63057E6F}.Release|Any CPU.Build.0 = Release|Any CPU
	EndGlobalSection
	GlobalSection(SolutionProperties) = preSolution
		HideSolutionNode = FALSE
	EndGlobalSection
	GlobalSection(ExtensibilityGlobals) = postSolution
		SolutionGuid = {34573121-C283-4889-91F3-D0939E20460C}
	EndGlobalSection
EndGlobal
